
Microsoft Visual Studio Solution File, Format Version 12.00
# Visual Studio Version 17
VisualStudioVersion = 17.0.32014.148
MinimumVisualStudioVersion = 10.0.40219.1
Project("{FAE04EC0-301F-11D3-BF4B-00C04F79EFBC}") = "TwoNotes", "TwoNotes\TwoNotes.csproj", "{114475D4-A759-4B92-84BA-B2C0270E40CC}"
EndProject
Global
	GlobalSection(SolutionConfigurationPlatforms) = preSolution
		Debug|Any CPU = Debug|Any CPU
		Release|Any CPU = Release|Any CPU
	EndGlobalSection
	GlobalSection(ProjectConfigurationPlatforms) = postSolution
		{114475D4-A759-4B92-84BA-B2C0270E40CC}.Debug|Any CPU.ActiveCfg = Debug|Any CPU
		{114475D4-A759-4B92-84BA-B2C0270E40CC}.Debug|Any CPU.Build.0 = Debug|Any CPU
		{114475D4-A759-4B92-84BA-B2C0270E40CC}.Release|Any CPU.ActiveCfg = Release|Any CPU
		{114475D4-A759-4B92-84BA-B2C0270E40CC}.Release|Any CPU.Build.0 = Release|Any CPU
	EndGlobalSection
	GlobalSection(SolutionProperties) = preSolution
		HideSolutionNode = FALSE
	EndGlobalSection
	GlobalSection(ExtensibilityGlobals) = postSolution
		SolutionGuid = {8F22E0E7-BDA6-4D1E-9401-D352DE5A1727}
	EndGlobalSection
EndGlobal
